
Microsoft Visual Studio Solution File, Format Version 12.00
# Visual Studio Version 17
VisualStudioVersion = 17.14.36203.30 d17.14
MinimumVisualStudioVersion = 10.0.40219.1
Project("{FAE04EC0-301F-11D3-BF4B-00C04F79EFBC}") = "NewsProject", "NewsProject.csproj", "{88F6C61A-B96A-494C-B92C-3679C831091D}"
EndProject
Global
	GlobalSection(SolutionConfigurationPlatforms) = preSolution
		Debug|Any CPU = Debug|Any CPU
		Release|Any CPU = Release|Any CPU
	EndGlobalSection
	GlobalSection(ProjectConfigurationPlatforms) = postSolution
		{88F6C61A-B96A-494C-B92C-3679C831091D}.Debug|Any CPU.ActiveCfg = Debug|Any CPU
		{88F6C61A-B96A-494C-B92C-3679C831091D}.Debug|Any CPU.Build.0 = Debug|Any CPU
		{88F6C61A-B96A-494C-B92C-3679C831091D}.Release|Any CPU.ActiveCfg = Release|Any CPU
		{88F6C61A-B96A-494C-B92C-3679C831091D}.Release|Any CPU.Build.0 = Release|Any CPU
	EndGlobalSection
	GlobalSection(SolutionProperties) = preSolution
		HideSolutionNode = FALSE
	EndGlobalSection
	GlobalSection(ExtensibilityGlobals) = postSolution
		SolutionGuid = {23C14CDB-C8DD-4517-945D-AE81FF3A2D0A}
	EndGlobalSection
EndGlobal
